{
  "name": "microservices-go",
  "lockfileVersion": 3,
  "requires": true,
  "packages": {
    "": {
      "name": "microservices-go",
      "dependencies": {
        "@redocly/cli": "^2.44.2"
      }
    },
    "node_modules/@redocly/cli": {
      "version": "2.44.2",
      "resolved": "https://registry.npmjs.org/@redocly/cli/-/cli-2.44.2.tgz",
      "integrity": "sha512-gXV/RBGtBKnHircpJHJ15FdR60pHShB6WkWxatco3Iz6gj6cae5tmYyVaIsT4XdpGAzd7ZFySsGoNVflHuyw9A==",
      "license": "MIT",
      "bin": {
        "openapi": "bin/cli.js",
        "redocly": "bin/cli.js"
      },
      "engines": {
        "node": ">=22.12.0 || >=20.19.0 <21.0.0",
        "npm": ">=10"
      }
    }
  }
}
